// !$*UTF8*$!
{
	archiveVersion = 1;
	classes = {
	};
	objectVersion = 50;
	objects = {

/* Begin PBXBuildFile section */
		2E25F0FF2229AB8100CA3503 /* StringExtension.swift in Sources */ = {isa = PBXBuildFile; fileRef = 2E25F0FE2229AB8100CA3503 /* StringExtension.swift */; };
		2E25F1012229C1F400CA3503 /* HeaderView.swift in Sources */ = {isa = PBXBuildFile; fileRef = 2E25F1002229C1F400CA3503 /* HeaderView.swift */; };
		2E25F1052229C77E00CA3503 /* AddHexVC.swift in Sources */ = {isa = PBXBuildFile; fileRef = 2E25F1042229C77E00CA3503 /* AddHexVC.swift */; };
		2E25F1082229C7CB00CA3503 /* AddHexHeaderView.swift in Sources */ = {isa = PBXBuildFile; fileRef = 2E25F1072229C7CB00CA3503 /* AddHexHeaderView.swift */; };
		2E25F10A2229C8CA00CA3503 /* AddHexViewModel.swift in Sources */ = {isa = PBXBuildFile; fileRef = 2E25F1092229C8CA00CA3503 /* AddHexViewModel.swift */; };
		2E25F10C2229C9D300CA3503 /* AddHexView.swift in Sources */ = {isa = PBXBuildFile; fileRef = 2E25F10B2229C9D300CA3503 /* AddHexView.swift */; };
		2E25F10E2229CAE400CA3503 /* ContentView.swift in Sources */ = {isa = PBXBuildFile; fileRef = 2E25F10D2229CAE400CA3503 /* ContentView.swift */; };
		2E25F1152229E81100CA3503 /* SelectDiceValueView.swift in Sources */ = {isa = PBXBuildFile; fileRef = 2E25F1142229E81100CA3503 /* SelectDiceValueView.swift */; };
		2E25F1192229F93800CA3503 /* DiceButton.swift in Sources */ = {isa = PBXBuildFile; fileRef = 2E25F1182229F93700CA3503 /* DiceButton.swift */; };
		2E25F11C222A022E00CA3503 /* ColorPalette.swift in Sources */ = {isa = PBXBuildFile; fileRef = 2E25F11B222A022E00CA3503 /* ColorPalette.swift */; };
		2E25F11E222A0C9800CA3503 /* VCHierarchy.swift in Sources */ = {isa = PBXBuildFile; fileRef = 2E25F11D222A0C9800CA3503 /* VCHierarchy.swift */; };
		2E35FE702217AB4D0022E096 /* AppDelegate.swift in Sources */ = {isa = PBXBuildFile; fileRef = 2E35FE6F2217AB4D0022E096 /* AppDelegate.swift */; };
		2E35FE722217AB4D0022E096 /* ProbabilityVC.swift in Sources */ = {isa = PBXBuildFile; fileRef = 2E35FE712217AB4D0022E096 /* ProbabilityVC.swift */; };
		2E35FE752217AB4D0022E096 /* Main.storyboard in Resources */ = {isa = PBXBuildFile; fileRef = 2E35FE732217AB4D0022E096 /* Main.storyboard */; };
		2E35FE782217AB4D0022E096 /* CatanProbability.xcdatamodeld in Sources */ = {isa = PBXBuildFile; fileRef = 2E35FE762217AB4D0022E096 /* CatanProbability.xcdatamodeld */; };
		2E35FE7A2217AB4F0022E096 /* Assets.xcassets in Resources */ = {isa = PBXBuildFile; fileRef = 2E35FE792217AB4F0022E096 /* Assets.xcassets */; };
		2E35FE7D2217AB4F0022E096 /* LaunchScreen.storyboard in Resources */ = {isa = PBXBuildFile; fileRef = 2E35FE7B2217AB4F0022E096 /* LaunchScreen.storyboard */; };
		2E35FE882217AB4F0022E096 /* CatanProbabilityTests.swift in Sources */ = {isa = PBXBuildFile; fileRef = 2E35FE872217AB4F0022E096 /* CatanProbabilityTests.swift */; };
		2E35FE932217AB4F0022E096 /* CatanProbabilityUITests.swift in Sources */ = {isa = PBXBuildFile; fileRef = 2E35FE922217AB4F0022E096 /* CatanProbabilityUITests.swift */; };
		2E35FEA42217B53C0022E096 /* Hex.swift in Sources */ = {isa = PBXBuildFile; fileRef = 2E35FEA32217B53C0022E096 /* Hex.swift */; };
		2E5428652225FAA200E352C5 /* HexButton.swift in Sources */ = {isa = PBXBuildFile; fileRef = 2E5428642225FAA200E352C5 /* HexButton.swift */; };
		2E5428672226009600E352C5 /* ProbabilityView.swift in Sources */ = {isa = PBXBuildFile; fileRef = 2E5428662226009600E352C5 /* ProbabilityView.swift */; };
		2E54286922260AC400E352C5 /* ProbabilityHeaderView.swift in Sources */ = {isa = PBXBuildFile; fileRef = 2E54286822260AC400E352C5 /* ProbabilityHeaderView.swift */; };
		2E54286B222785E400E352C5 /* ResourceType.swift in Sources */ = {isa = PBXBuildFile; fileRef = 2E54286A222785E400E352C5 /* ResourceType.swift */; };
		2E54286D2227860400E352C5 /* Number.swift in Sources */ = {isa = PBXBuildFile; fileRef = 2E54286C2227860400E352C5 /* Number.swift */; };
		2E54287022278A4B00E352C5 /* ProbabilityViewModel.swift in Sources */ = {isa = PBXBuildFile; fileRef = 2E54286F22278A4B00E352C5 /* ProbabilityViewModel.swift */; };
		2E54287322278E7500E352C5 /* Wood.swift in Sources */ = {isa = PBXBuildFile; fileRef = 2E54287222278E7500E352C5 /* Wood.swift */; };
		2E54287522278E8900E352C5 /* Ore.swift in Sources */ = {isa = PBXBuildFile; fileRef = 2E54287422278E8900E352C5 /* Ore.swift */; };
		2E54287722278E9A00E352C5 /* Brick.swift in Sources */ = {isa = PBXBuildFile; fileRef = 2E54287622278E9A00E352C5 /* Brick.swift */; };
		2E54287922278EAA00E352C5 /* Grain.swift in Sources */ = {isa = PBXBuildFile; fileRef = 2E54287822278EAA00E352C5 /* Grain.swift */; };
		2E54287B22278EC400E352C5 /* Wool.swift in Sources */ = {isa = PBXBuildFile; fileRef = 2E54287A22278EC400E352C5 /* Wool.swift */; };
		2E54287F2227ABD100E352C5 /* Formatters.swift in Sources */ = {isa = PBXBuildFile; fileRef = 2E54287E2227ABD100E352C5 /* Formatters.swift */; };
		2EB9B08C2230D68100260A2F /* BackButton.swift in Sources */ = {isa = PBXBuildFile; fileRef = 2EB9B08B2230D68100260A2F /* BackButton.swift */; };
		2EB9B09422347F9900260A2F /* HexesView.swift in Sources */ = {isa = PBXBuildFile; fileRef = 2EB9B09322347F9900260A2F /* HexesView.swift */; };
/* End PBXBuildFile section */

/* Begin PBXContainerItemProxy section */
		2E35FE842217AB4F0022E096 /* PBXContainerItemProxy */ = {
			isa = PBXContainerItemProxy;
			containerPortal = 2E35FE642217AB4D0022E096 /* Project object */;
			proxyType = 1;
			remoteGlobalIDString = 2E35FE6B2217AB4D0022E096;
			remoteInfo = CatanProbability;
		};
		2E35FE8F2217AB4F0022E096 /* PBXContainerItemProxy */ = {
			isa = PBXContainerItemProxy;
			containerPortal = 2E35FE642217AB4D0022E096 /* Project object */;
			proxyType = 1;
			remoteGlobalIDString = 2E35FE6B2217AB4D0022E096;
			remoteInfo = CatanProbability;
		};
/* End PBXContainerItemProxy section */

/* Begin PBXFileReference section */
		2E25F0FE2229AB8100CA3503 /* StringExtension.swift */ = {isa = PBXFileReference; lastKnownFileType = sourcecode.swift; path = StringExtension.swift; sourceTree = "<group>"; };
		2E25F1002229C1F400CA3503 /* HeaderView.swift */ = {isa = PBXFileReference; lastKnownFileType = sourcecode.swift; path = HeaderView.swift; sourceTree = "<group>"; };
		2E25F1042229C77E00CA3503 /* AddHexVC.swift */ = {isa = PBXFileReference; lastKnownFileType = sourcecode.swift; path = AddHexVC.swift; sourceTree = "<group>"; };
		2E25F1072229C7CB00CA3503 /* AddHexHeaderView.swift */ = {isa = PBXFileReference; lastKnownFileType = sourcecode.swift; path = AddHexHeaderView.swift; sourceTree = "<group>"; };
		2E25F1092229C8CA00CA3503 /* AddHexViewModel.swift */ = {isa = PBXFileReference; lastKnownFileType = sourcecode.swift; path = AddHexViewModel.swift; sourceTree = "<group>"; };
		2E25F10B2229C9D300CA3503 /* AddHexView.swift */ = {isa = PBXFileReference; lastKnownFileType = sourcecode.swift; path = AddHexView.swift; sourceTree = "<group>"; };
		2E25F10D2229CAE400CA3503 /* ContentView.swift */ = {isa = PBXFileReference; lastKnownFileType = sourcecode.swift; path = ContentView.swift; sourceTree = "<group>"; };
		2E25F1142229E81100CA3503 /* SelectDiceValueView.swift */ = {isa = PBXFileReference; lastKnownFileType = sourcecode.swift; path = SelectDiceValueView.swift; sourceTree = "<group>"; };
		2E25F1182229F93700CA3503 /* DiceButton.swift */ = {isa = PBXFileReference; fileEncoding = 4; lastKnownFileType = sourcecode.swift; path = DiceButton.swift; sourceTree = "<group>"; };
		2E25F11B222A022E00CA3503 /* ColorPalette.swift */ = {isa = PBXFileReference; lastKnownFileType = sourcecode.swift; path = ColorPalette.swift; sourceTree = "<group>"; };
		2E25F11D222A0C9800CA3503 /* VCHierarchy.swift */ = {isa = PBXFileReference; lastKnownFileType = sourcecode.swift; path = VCHierarchy.swift; sourceTree = "<group>"; };
		2E35FE6C2217AB4D0022E096 /* CatanProbability.app */ = {isa = PBXFileReference; explicitFileType = wrapper.application; includeInIndex = 0; path = CatanProbability.app; sourceTree = BUILT_PRODUCTS_DIR; };
		2E35FE6F2217AB4D0022E096 /* AppDelegate.swift */ = {isa = PBXFileReference; lastKnownFileType = sourcecode.swift; path = AppDelegate.swift; sourceTree = "<group>"; };
		2E35FE712217AB4D0022E096 /* ProbabilityVC.swift */ = {isa = PBXFileReference; lastKnownFileType = sourcecode.swift; path = ProbabilityVC.swift; sourceTree = "<group>"; };
		2E35FE742217AB4D0022E096 /* Base */ = {isa = PBXFileReference; lastKnownFileType = file.storyboard; name = Base; path = Base.lproj/Main.storyboard; sourceTree = "<group>"; };
		2E35FE772217AB4D0022E096 /* CatanProbability.xcdatamodel */ = {isa = PBXFileReference; lastKnownFileType = wrapper.xcdatamodel; path = CatanProbability.xcdatamodel; sourceTree = "<group>"; };
		2E35FE792217AB4F0022E096 /* Assets.xcassets */ = {isa = PBXFileReference; lastKnownFileType = folder.assetcatalog; path = Assets.xcassets; sourceTree = "<group>"; };
		2E35FE7C2217AB4F0022E096 /* Base */ = {isa = PBXFileReference; lastKnownFileType = file.storyboard; name = Base; path = Base.lproj/LaunchScreen.storyboard; sourceTree = "<group>"; };
		2E35FE7E2217AB4F0022E096 /* Info.plist */ = {isa = PBXFileReference; lastKnownFileType = text.plist.xml; path = Info.plist; sourceTree = "<group>"; };
		2E35FE832217AB4F0022E096 /* CatanProbabilityTests.xctest */ = {isa = PBXFileReference; explicitFileType = wrapper.cfbundle; includeInIndex = 0; path = CatanProbabilityTests.xctest; sourceTree = BUILT_PRODUCTS_DIR; };
		2E35FE872217AB4F0022E096 /* CatanProbabilityTests.swift */ = {isa = PBXFileReference; lastKnownFileType = sourcecode.swift; path = CatanProbabilityTests.swift; sourceTree = "<group>"; };
		2E35FE892217AB4F0022E096 /* Info.plist */ = {isa = PBXFileReference; lastKnownFileType = text.plist.xml; path = Info.plist; sourceTree = "<group>"; };
		2E35FE8E2217AB4F0022E096 /* CatanProbabilityUITests.xctest */ = {isa = PBXFileReference; explicitFileType = wrapper.cfbundle; includeInIndex = 0; path = CatanProbabilityUITests.xctest; sourceTree = BUILT_PRODUCTS_DIR; };
		2E35FE922217AB4F0022E096 /* CatanProbabilityUITests.swift */ = {isa = PBXFileReference; lastKnownFileType = sourcecode.swift; path = CatanProbabilityUITests.swift; sourceTree = "<group>"; };
		2E35FE942217AB4F0022E096 /* Info.plist */ = {isa = PBXFileReference; lastKnownFileType = text.plist.xml; path = Info.plist; sourceTree = "<group>"; };
		2E35FEA32217B53C0022E096 /* Hex.swift */ = {isa = PBXFileReference; lastKnownFileType = sourcecode.swift; path = Hex.swift; sourceTree = "<group>"; };
		2E5428642225FAA200E352C5 /* HexButton.swift */ = {isa = PBXFileReference; lastKnownFileType = sourcecode.swift; path = HexButton.swift; sourceTree = "<group>"; };
		2E5428662226009600E352C5 /* ProbabilityView.swift */ = {isa = PBXFileReference; lastKnownFileType = sourcecode.swift; path = ProbabilityView.swift; sourceTree = "<group>"; };
		2E54286822260AC400E352C5 /* ProbabilityHeaderView.swift */ = {isa = PBXFileReference; lastKnownFileType = sourcecode.swift; path = ProbabilityHeaderView.swift; sourceTree = "<group>"; };
		2E54286A222785E400E352C5 /* ResourceType.swift */ = {isa = PBXFileReference; lastKnownFileType = sourcecode.swift; path = ResourceType.swift; sourceTree = "<group>"; };
		2E54286C2227860400E352C5 /* Number.swift */ = {isa = PBXFileReference; lastKnownFileType = sourcecode.swift; path = Number.swift; sourceTree = "<group>"; };
		2E54286F22278A4B00E352C5 /* ProbabilityViewModel.swift */ = {isa = PBXFileReference; lastKnownFileType = sourcecode.swift; path = ProbabilityViewModel.swift; sourceTree = "<group>"; };
		2E54287222278E7500E352C5 /* Wood.swift */ = {isa = PBXFileReference; lastKnownFileType = sourcecode.swift; path = Wood.swift; sourceTree = "<group>"; };
		2E54287422278E8900E352C5 /* Ore.swift */ = {isa = PBXFileReference; lastKnownFileType = sourcecode.swift; path = Ore.swift; sourceTree = "<group>"; };
		2E54287622278E9A00E352C5 /* Brick.swift */ = {isa = PBXFileReference; lastKnownFileType = sourcecode.swift; path = Brick.swift; sourceTree = "<group>"; };
		2E54287822278EAA00E352C5 /* Grain.swift */ = {isa = PBXFileReference; lastKnownFileType = sourcecode.swift; path = Grain.swift; sourceTree = "<group>"; };
		2E54287A22278EC400E352C5 /* Wool.swift */ = {isa = PBXFileReference; lastKnownFileType = sourcecode.swift; path = Wool.swift; sourceTree = "<group>"; };
		2E54287E2227ABD100E352C5 /* Formatters.swift */ = {isa = PBXFileReference; lastKnownFileType = sourcecode.swift; path = Formatters.swift; sourceTree = "<group>"; };
		2EB9B08B2230D68100260A2F /* BackButton.swift */ = {isa = PBXFileReference; lastKnownFileType = sourcecode.swift; path = BackButton.swift; sourceTree = "<group>"; };
		2EB9B09322347F9900260A2F /* HexesView.swift */ = {isa = PBXFileReference; lastKnownFileType = sourcecode.swift; path = HexesView.swift; sourceTree = "<group>"; };
/* End PBXFileReference section */

/* Begin PBXFrameworksBuildPhase section */
		2E35FE692217AB4D0022E096 /* Frameworks */ = {
			isa = PBXFrameworksBuildPhase;
			buildActionMask = 2147483647;
			files = (
			);
			runOnlyForDeploymentPostprocessing = 0;
		};
		2E35FE802217AB4F0022E096 /* Frameworks */ = {
			isa = PBXFrameworksBuildPhase;
			buildActionMask = 2147483647;
			files = (
			);
			runOnlyForDeploymentPostprocessing = 0;
		};
		2E35FE8B2217AB4F0022E096 /* Frameworks */ = {
			isa = PBXFrameworksBuildPhase;
			buildActionMask = 2147483647;
			files = (
			);
			runOnlyForDeploymentPostprocessing = 0;
		};
/* End PBXFrameworksBuildPhase section */

/* Begin PBXGroup section */
		2E25F1032229C3EF00CA3503 /* ProbabilityViews */ = {
			isa = PBXGroup;
			children = (
				2E5428662226009600E352C5 /* ProbabilityView.swift */,
				2E54286822260AC400E352C5 /* ProbabilityHeaderView.swift */,
			);
			path = ProbabilityViews;
			sourceTree = "<group>";
		};
		2E25F1062229C7A500CA3503 /* Add Hex */ = {
			isa = PBXGroup;
			children = (
				2E25F1072229C7CB00CA3503 /* AddHexHeaderView.swift */,
				2E25F10B2229C9D300CA3503 /* AddHexView.swift */,
				2E25F1142229E81100CA3503 /* SelectDiceValueView.swift */,
			);
			path = "Add Hex";
			sourceTree = "<group>";
		};
		2E35FE632217AB4D0022E096 = {
			isa = PBXGroup;
			children = (
				2E35FE6E2217AB4D0022E096 /* CatanProbability */,
				2E35FE862217AB4F0022E096 /* CatanProbabilityTests */,
				2E35FE912217AB4F0022E096 /* CatanProbabilityUITests */,
				2E35FE6D2217AB4D0022E096 /* Products */,
			);
			sourceTree = "<group>";
		};
		2E35FE6D2217AB4D0022E096 /* Products */ = {
			isa = PBXGroup;
			children = (
				2E35FE6C2217AB4D0022E096 /* CatanProbability.app */,
				2E35FE832217AB4F0022E096 /* CatanProbabilityTests.xctest */,
				2E35FE8E2217AB4F0022E096 /* CatanProbabilityUITests.xctest */,
			);
			name = Products;
			sourceTree = "<group>";
		};
		2E35FE6E2217AB4D0022E096 /* CatanProbability */ = {
			isa = PBXGroup;
			children = (
				2E35FE6F2217AB4D0022E096 /* AppDelegate.swift */,
				2E35FE732217AB4D0022E096 /* Main.storyboard */,
				2E35FE792217AB4F0022E096 /* Assets.xcassets */,
				2E35FE7B2217AB4F0022E096 /* LaunchScreen.storyboard */,
				2E35FE7E2217AB4F0022E096 /* Info.plist */,
				2E5428622225F9F900E352C5 /* View Controllers */,
				2E5428632225FA6B00E352C5 /* Views */,
				2E54286E2227896C00E352C5 /* View Models */,
				2E35FEA02217AB730022E096 /* Models */,
				2E54287D2227ABBA00E352C5 /* Helpers */,
				2E35FE762217AB4D0022E096 /* CatanProbability.xcdatamodeld */,
			);
			path = CatanProbability;
			sourceTree = "<group>";
		};
		2E35FE862217AB4F0022E096 /* CatanProbabilityTests */ = {
			isa = PBXGroup;
			children = (
				2E35FE872217AB4F0022E096 /* CatanProbabilityTests.swift */,
				2E35FE892217AB4F0022E096 /* Info.plist */,
			);
			path = CatanProbabilityTests;
			sourceTree = "<group>";
		};
		2E35FE912217AB4F0022E096 /* CatanProbabilityUITests */ = {
			isa = PBXGroup;
			children = (
				2E35FE922217AB4F0022E096 /* CatanProbabilityUITests.swift */,
				2E35FE942217AB4F0022E096 /* Info.plist */,
			);
			path = CatanProbabilityUITests;
			sourceTree = "<group>";
		};
		2E35FEA02217AB730022E096 /* Models */ = {
			isa = PBXGroup;
			children = (
				2E54287122278E6800E352C5 /* Hexes */,
				2E54286C2227860400E352C5 /* Number.swift */,
				2E54286A222785E400E352C5 /* ResourceType.swift */,
			);
			path = Models;
			sourceTree = "<group>";
		};
		2E5428622225F9F900E352C5 /* View Controllers */ = {
			isa = PBXGroup;
			children = (
				2E35FE712217AB4D0022E096 /* ProbabilityVC.swift */,
				2E25F1042229C77E00CA3503 /* AddHexVC.swift */,
			);
			path = "View Controllers";
			sourceTree = "<group>";
		};
		2E5428632225FA6B00E352C5 /* Views */ = {
			isa = PBXGroup;
			children = (
				2E5428642225FAA200E352C5 /* HexButton.swift */,
				2E25F1002229C1F400CA3503 /* HeaderView.swift */,
				2E25F1182229F93700CA3503 /* DiceButton.swift */,
				2EB9B08B2230D68100260A2F /* BackButton.swift */,
				2E25F10D2229CAE400CA3503 /* ContentView.swift */,
				2EB9B09322347F9900260A2F /* HexesView.swift */,
				2E25F1032229C3EF00CA3503 /* ProbabilityViews */,
				2E25F1062229C7A500CA3503 /* Add Hex */,
			);
			path = Views;
			sourceTree = "<group>";
		};
		2E54286E2227896C00E352C5 /* View Models */ = {
			isa = PBXGroup;
			children = (
				2E54286F22278A4B00E352C5 /* ProbabilityViewModel.swift */,
				2E25F1092229C8CA00CA3503 /* AddHexViewModel.swift */,
			);
			path = "View Models";
			sourceTree = "<group>";
		};
		2E54287122278E6800E352C5 /* Hexes */ = {
			isa = PBXGroup;
			children = (
				2E35FEA32217B53C0022E096 /* Hex.swift */,
				2E54287222278E7500E352C5 /* Wood.swift */,
				2E54287422278E8900E352C5 /* Ore.swift */,
				2E54287622278E9A00E352C5 /* Brick.swift */,
				2E54287A22278EC400E352C5 /* Wool.swift */,
				2E54287822278EAA00E352C5 /* Grain.swift */,
			);
			path = Hexes;
			sourceTree = "<group>";
		};
		2E54287D2227ABBA00E352C5 /* Helpers */ = {
			isa = PBXGroup;
			children = (
				2E54287E2227ABD100E352C5 /* Formatters.swift */,
				2E25F11B222A022E00CA3503 /* ColorPalette.swift */,
				2E25F11D222A0C9800CA3503 /* VCHierarchy.swift */,
				2E25F0FE2229AB8100CA3503 /* StringExtension.swift */,
			);
			path = Helpers;
			sourceTree = "<group>";
		};
/* End PBXGroup section */

/* Begin PBXNativeTarget section */
		2E35FE6B2217AB4D0022E096 /* CatanProbability */ = {
			isa = PBXNativeTarget;
			buildConfigurationList = 2E35FE972217AB4F0022E096 /* Build configuration list for PBXNativeTarget "CatanProbability" */;
			buildPhases = (
				2E35FE682217AB4D0022E096 /* Sources */,
				2E35FE692217AB4D0022E096 /* Frameworks */,
				2E35FE6A2217AB4D0022E096 /* Resources */,
			);
			buildRules = (
			);
			dependencies = (
			);
			name = CatanProbability;
			productName = CatanProbability;
			productReference = 2E35FE6C2217AB4D0022E096 /* CatanProbability.app */;
			productType = "com.apple.product-type.application";
		};
		2E35FE822217AB4F0022E096 /* CatanProbabilityTests */ = {
			isa = PBXNativeTarget;
			buildConfigurationList = 2E35FE9A2217AB4F0022E096 /* Build configuration list for PBXNativeTarget "CatanProbabilityTests" */;
			buildPhases = (
				2E35FE7F2217AB4F0022E096 /* Sources */,
				2E35FE802217AB4F0022E096 /* Frameworks */,
				2E35FE812217AB4F0022E096 /* Resources */,
			);
			buildRules = (
			);
			dependencies = (
				2E35FE852217AB4F0022E096 /* PBXTargetDependency */,
			);
			name = CatanProbabilityTests;
			productName = CatanProbabilityTests;
			productReference = 2E35FE832217AB4F0022E096 /* CatanProbabilityTests.xctest */;
			productType = "com.apple.product-type.bundle.unit-test";
		};
		2E35FE8D2217AB4F0022E096 /* CatanProbabilityUITests */ = {
			isa = PBXNativeTarget;
			buildConfigurationList = 2E35FE9D2217AB4F0022E096 /* Build configuration list for PBXNativeTarget "CatanProbabilityUITests" */;
			buildPhases = (
				2E35FE8A2217AB4F0022E096 /* Sources */,
				2E35FE8B2217AB4F0022E096 /* Frameworks */,
				2E35FE8C2217AB4F0022E096 /* Resources */,
			);
			buildRules = (
			);
			dependencies = (
				2E35FE902217AB4F0022E096 /* PBXTargetDependency */,
			);
			name = CatanProbabilityUITests;
			productName = CatanProbabilityUITests;
			productReference = 2E35FE8E2217AB4F0022E096 /* CatanProbabilityUITests.xctest */;
			productType = "com.apple.product-type.bundle.ui-testing";
		};
/* End PBXNativeTarget section */

/* Begin PBXProject section */
		2E35FE642217AB4D0022E096 /* Project object */ = {
			isa = PBXProject;
			attributes = {
				LastSwiftUpdateCheck = 1010;
				LastUpgradeCheck = 1010;
				ORGANIZATIONNAME = "Eric Collom";
				TargetAttributes = {
					2E35FE6B2217AB4D0022E096 = {
						CreatedOnToolsVersion = 10.1;
					};
					2E35FE822217AB4F0022E096 = {
						CreatedOnToolsVersion = 10.1;
						TestTargetID = 2E35FE6B2217AB4D0022E096;
					};
					2E35FE8D2217AB4F0022E096 = {
						CreatedOnToolsVersion = 10.1;
						TestTargetID = 2E35FE6B2217AB4D0022E096;
					};
				};
			};
			buildConfigurationList = 2E35FE672217AB4D0022E096 /* Build configuration list for PBXProject "CatanProbability" */;
			compatibilityVersion = "Xcode 9.3";
			developmentRegion = en;
			hasScannedForEncodings = 0;
			knownRegions = (
				en,
				Base,
			);
			mainGroup = 2E35FE632217AB4D0022E096;
			productRefGroup = 2E35FE6D2217AB4D0022E096 /* Products */;
			projectDirPath = "";
			projectRoot = "";
			targets = (
				2E35FE6B2217AB4D0022E096 /* CatanProbability */,
				2E35FE822217AB4F0022E096 /* CatanProbabilityTests */,
				2E35FE8D2217AB4F0022E096 /* CatanProbabilityUITests */,
			);
		};
/* End PBXProject section */

/* Begin PBXResourcesBuildPhase section */
		2E35FE6A2217AB4D0022E096 /* Resources */ = {
			isa = PBXResourcesBuildPhase;
			buildActionMask = 2147483647;
			files = (
				2E35FE7D2217AB4F0022E096 /* LaunchScreen.storyboard in Resources */,
				2E35FE7A2217AB4F0022E096 /* Assets.xcassets in Resources */,
				2E35FE752217AB4D0022E096 /* Main.storyboard in Resources */,
			);
			runOnlyForDeploymentPostprocessing = 0;
		};
		2E35FE812217AB4F0022E096 /* Resources */ = {
			isa = PBXResourcesBuildPhase;
			buildActionMask = 2147483647;
			files = (
			);
			runOnlyForDeploymentPostprocessing = 0;
		};
		2E35FE8C2217AB4F0022E096 /* Resources */ = {
			isa = PBXResourcesBuildPhase;
			buildActionMask = 2147483647;
			files = (
			);
			runOnlyForDeploymentPostprocessing = 0;
		};
/* End PBXResourcesBuildPhase section */

/* Begin PBXSourcesBuildPhase section */
		2E35FE682217AB4D0022E096 /* Sources */ = {
			isa = PBXSourcesBuildPhase;
			buildActionMask = 2147483647;
			files = (
				2E54286922260AC400E352C5 /* ProbabilityHeaderView.swift in Sources */,
				2E25F1012229C1F400CA3503 /* HeaderView.swift in Sources */,
				2E25F10C2229C9D300CA3503 /* AddHexView.swift in Sources */,
				2E5428652225FAA200E352C5 /* HexButton.swift in Sources */,
				2E54287F2227ABD100E352C5 /* Formatters.swift in Sources */,
				2E25F10A2229C8CA00CA3503 /* AddHexViewModel.swift in Sources */,
				2E25F1192229F93800CA3503 /* DiceButton.swift in Sources */,
				2E54287522278E8900E352C5 /* Ore.swift in Sources */,
				2E54287B22278EC400E352C5 /* Wool.swift in Sources */,
				2EB9B09422347F9900260A2F /* HexesView.swift in Sources */,
				2E25F11C222A022E00CA3503 /* ColorPalette.swift in Sources */,
				2E54286D2227860400E352C5 /* Number.swift in Sources */,
				2E25F1152229E81100CA3503 /* SelectDiceValueView.swift in Sources */,
				2EB9B08C2230D68100260A2F /* BackButton.swift in Sources */,
				2E35FE782217AB4D0022E096 /* CatanProbability.xcdatamodeld in Sources */,
				2E35FEA42217B53C0022E096 /* Hex.swift in Sources */,
				2E25F0FF2229AB8100CA3503 /* StringExtension.swift in Sources */,
				2E35FE722217AB4D0022E096 /* ProbabilityVC.swift in Sources */,
				2E25F1052229C77E00CA3503 /* AddHexVC.swift in Sources */,
				2E35FE702217AB4D0022E096 /* AppDelegate.swift in Sources */,
				2E5428672226009600E352C5 /* ProbabilityView.swift in Sources */,
				2E54287722278E9A00E352C5 /* Brick.swift in Sources */,
				2E25F10E2229CAE400CA3503 /* ContentView.swift in Sources */,
				2E25F1082229C7CB00CA3503 /* AddHexHeaderView.swift in Sources */,
				2E54287022278A4B00E352C5 /* ProbabilityViewModel.swift in Sources */,
				2E54286B222785E400E352C5 /* ResourceType.swift in Sources */,
				2E25F11E222A0C9800CA3503 /* VCHierarchy.swift in Sources */,
				2E54287322278E7500E352C5 /* Wood.swift in Sources */,
				2E54287922278EAA00E352C5 /* Grain.swift in Sources */,
			);
			runOnlyForDeploymentPostprocessing = 0;
		};
		2E35FE7F2217AB4F0022E096 /* Sources */ = {
			isa = PBXSourcesBuildPhase;
			buildActionMask = 2147483647;
			files = (
				2E35FE882217AB4F0022E096 /* CatanProbabilityTests.swift in Sources */,
			);
			runOnlyForDeploymentPostprocessing = 0;
		};
		2E35FE8A2217AB4F0022E096 /* Sources */ = {
			isa = PBXSourcesBuildPhase;
			buildActionMask = 2147483647;
			files = (
				2E35FE932217AB4F0022E096 /* CatanProbabilityUITests.swift in Sources */,
			);
			runOnlyForDeploymentPostprocessing = 0;
		};
/* End PBXSourcesBuildPhase section */

/* Begin PBXTargetDependency section */
		2E35FE852217AB4F0022E096 /* PBXTargetDependency */ = {
			isa = PBXTargetDependency;
			target = 2E35FE6B2217AB4D0022E096 /* CatanProbability */;
			targetProxy = 2E35FE842217AB4F0022E096 /* PBXContainerItemProxy */;
		};
		2E35FE902217AB4F0022E096 /* PBXTargetDependency */ = {
			isa = PBXTargetDependency;
			target = 2E35FE6B2217AB4D0022E096 /* CatanProbability */;
			targetProxy = 2E35FE8F2217AB4F0022E096 /* PBXContainerItemProxy */;
		};
/* End PBXTargetDependency section */

/* Begin PBXVariantGroup section */
		2E35FE732217AB4D0022E096 /* Main.storyboard */ = {
			isa = PBXVariantGroup;
			children = (
				2E35FE742217AB4D0022E096 /* Base */,
			);
			name = Main.storyboard;
			sourceTree = "<group>";
		};
		2E35FE7B2217AB4F0022E096 /* LaunchScreen.storyboard */ = {
			isa = PBXVariantGroup;
			children = (
				2E35FE7C2217AB4F0022E096 /* Base */,
			);
			name = LaunchScreen.storyboard;
			sourceTree = "<group>";
		};
/* End PBXVariantGroup section */

/* Begin XCBuildConfiguration section */
		2E35FE952217AB4F0022E096 /* Debug */ = {
			isa = XCBuildConfiguration;
			buildSettings = {
				ALWAYS_SEARCH_USER_PATHS = NO;
				CLANG_ANALYZER_NONNULL = YES;
				CLANG_ANALYZER_NUMBER_OBJECT_CONVERSION = YES_AGGRESSIVE;
				CLANG_CXX_LANGUAGE_STANDARD = "gnu++14";
				CLANG_CXX_LIBRARY = "libc++";
				CLANG_ENABLE_MODULES = YES;
				CLANG_ENABLE_OBJC_ARC = YES;
				CLANG_ENABLE_OBJC_WEAK = YES;
				CLANG_WARN_BLOCK_CAPTURE_AUTORELEASING = YES;
				CLANG_WARN_BOOL_CONVERSION = YES;
				CLANG_WARN_COMMA = YES;
				CLANG_WARN_CONSTANT_CONVERSION = YES;
				CLANG_WARN_DEPRECATED_OBJC_IMPLEMENTATIONS = YES;
				CLANG_WARN_DIRECT_OBJC_ISA_USAGE = YES_ERROR;
				CLANG_WARN_DOCUMENTATION_COMMENTS = YES;
				CLANG_WARN_EMPTY_BODY = YES;
				CLANG_WARN_ENUM_CONVERSION = YES;
				CLANG_WARN_INFINITE_RECURSION = YES;
				CLANG_WARN_INT_CONVERSION = YES;
				CLANG_WARN_NON_LITERAL_NULL_CONVERSION = YES;
				CLANG_WARN_OBJC_IMPLICIT_RETAIN_SELF = YES;
				CLANG_WARN_OBJC_LITERAL_CONVERSION = YES;
				CLANG_WARN_OBJC_ROOT_CLASS = YES_ERROR;
				CLANG_WARN_RANGE_LOOP_ANALYSIS = YES;
				CLANG_WARN_STRICT_PROTOTYPES = YES;
				CLANG_WARN_SUSPICIOUS_MOVE = YES;
				CLANG_WARN_UNGUARDED_AVAILABILITY = YES_AGGRESSIVE;
				CLANG_WARN_UNREACHABLE_CODE = YES;
				CLANG_WARN__DUPLICATE_METHOD_MATCH = YES;
				CODE_SIGN_IDENTITY = "iPhone Developer";
				COPY_PHASE_STRIP = NO;
				DEBUG_INFORMATION_FORMAT = dwarf;
				ENABLE_STRICT_OBJC_MSGSEND = YES;
				ENABLE_TESTABILITY = YES;
				GCC_C_LANGUAGE_STANDARD = gnu11;
				GCC_DYNAMIC_NO_PIC = NO;
				GCC_NO_COMMON_BLOCKS = YES;
				GCC_OPTIMIZATION_LEVEL = 0;
				GCC_PREPROCESSOR_DEFINITIONS = (
					"DEBUG=1",
					"$(inherited)",
				);
				GCC_WARN_64_TO_32_BIT_CONVERSION = YES;
				GCC_WARN_ABOUT_RETURN_TYPE = YES_ERROR;
				GCC_WARN_UNDECLARED_SELECTOR = YES;
				GCC_WARN_UNINITIALIZED_AUTOS = YES_AGGRESSIVE;
				GCC_WARN_UNUSED_FUNCTION = YES;
				GCC_WARN_UNUSED_VARIABLE = YES;
				IPHONEOS_DEPLOYMENT_TARGET = 12.1;
				MTL_ENABLE_DEBUG_INFO = INCLUDE_SOURCE;
				MTL_FAST_MATH = YES;
				ONLY_ACTIVE_ARCH = YES;
				SDKROOT = iphoneos;
				SWIFT_ACTIVE_COMPILATION_CONDITIONS = DEBUG;
				SWIFT_OPTIMIZATION_LEVEL = "-Onone";
			};
			name = Debug;
		};
		2E35FE962217AB4F0022E096 /* Release */ = {
			isa = XCBuildConfiguration;
			buildSettings = {
				ALWAYS_SEARCH_USER_PATHS = NO;
				CLANG_ANALYZER_NONNULL = YES;
				CLANG_ANALYZER_NUMBER_OBJECT_CONVERSION = YES_AGGRESSIVE;
				CLANG_CXX_LANGUAGE_STANDARD = "gnu++14";
				CLANG_CXX_LIBRARY = "libc++";
				CLANG_ENABLE_MODULES = YES;
				CLANG_ENABLE_OBJC_ARC = YES;
				CLANG_ENABLE_OBJC_WEAK = YES;
				CLANG_WARN_BLOCK_CAPTURE_AUTORELEASING = YES;
				CLANG_WARN_BOOL_CONVERSION = YES;
				CLANG_WARN_COMMA = YES;
				CLANG_WARN_CONSTANT_CONVERSION = YES;
				CLANG_WARN_DEPRECATED_OBJC_IMPLEMENTATIONS = YES;
				CLANG_WARN_DIRECT_OBJC_ISA_USAGE = YES_ERROR;
				CLANG_WARN_DOCUMENTATION_COMMENTS = YES;
				CLANG_WARN_EMPTY_BODY = YES;
				CLANG_WARN_ENUM_CONVERSION = YES;
				CLANG_WARN_INFINITE_RECURSION = YES;
				CLANG_WARN_INT_CONVERSION = YES;
				CLANG_WARN_NON_LITERAL_NULL_CONVERSION = YES;
				CLANG_WARN_OBJC_IMPLICIT_RETAIN_SELF = YES;
				CLANG_WARN_OBJC_LITERAL_CONVERSION = YES;
				CLANG_WARN_OBJC_ROOT_CLASS = YES_ERROR;
				CLANG_WARN_RANGE_LOOP_ANALYSIS = YES;
				CLANG_WARN_STRICT_PROTOTYPES = YES;
				CLANG_WARN_SUSPICIOUS_MOVE = YES;
				CLANG_WARN_UNGUARDED_AVAILABILITY = YES_AGGRESSIVE;
				CLANG_WARN_UNREACHABLE_CODE = YES;
				CLANG_WARN__DUPLICATE_METHOD_MATCH = YES;
				CODE_SIGN_IDENTITY = "iPhone Developer";
				COPY_PHASE_STRIP = NO;
				DEBUG_INFORMATION_FORMAT = "dwarf-with-dsym";
				ENABLE_NS_ASSERTIONS = NO;
				ENABLE_STRICT_OBJC_MSGSEND = YES;
				GCC_C_LANGUAGE_STANDARD = gnu11;
				GCC_NO_COMMON_BLOCKS = YES;
				GCC_WARN_64_TO_32_BIT_CONVERSION = YES;
				GCC_WARN_ABOUT_RETURN_TYPE = YES_ERROR;
				GCC_WARN_UNDECLARED_SELECTOR = YES;
				GCC_WARN_UNINITIALIZED_AUTOS = YES_AGGRESSIVE;
				GCC_WARN_UNUSED_FUNCTION = YES;
				GCC_WARN_UNUSED_VARIABLE = YES;
				IPHONEOS_DEPLOYMENT_TARGET = 12.1;
				MTL_ENABLE_DEBUG_INFO = NO;
				MTL_FAST_MATH = YES;
				SDKROOT = iphoneos;
				SWIFT_COMPILATION_MODE = wholemodule;
				SWIFT_OPTIMIZATION_LEVEL = "-O";
				VALIDATE_PRODUCT = YES;
			};
			name = Release;
		};
		2E35FE982217AB4F0022E096 /* Debug */ = {
			isa = XCBuildConfiguration;
			buildSettings = {
				ASSETCATALOG_COMPILER_APPICON_NAME = AppIcon;
				CODE_SIGN_STYLE = Automatic;
				DEVELOPMENT_TEAM = TMTETVW362;
				INFOPLIST_FILE = CatanProbability/Info.plist;
				IPHONEOS_DEPLOYMENT_TARGET = 11;
				LD_RUNPATH_SEARCH_PATHS = (
					"$(inherited)",
					"@executable_path/Frameworks",
				);
				PRODUCT_BUNDLE_IDENTIFIER = EricCollom.CatanProbability;
				PRODUCT_NAME = "$(TARGET_NAME)";
				SWIFT_VERSION = 4.2;
				TARGETED_DEVICE_FAMILY = 1;
			};
			name = Debug;
		};
		2E35FE992217AB4F0022E096 /* Release */ = {
			isa = XCBuildConfiguration;
			buildSettings = {
				ASSETCATALOG_COMPILER_APPICON_NAME = AppIcon;
				CODE_SIGN_STYLE = Automatic;
				DEVELOPMENT_TEAM = TMTETVW362;
				INFOPLIST_FILE = CatanProbability/Info.plist;
				IPHONEOS_DEPLOYMENT_TARGET = 11;
				LD_RUNPATH_SEARCH_PATHS = (
					"$(inherited)",
					"@executable_path/Frameworks",
				);
				PRODUCT_BUNDLE_IDENTIFIER = EricCollom.CatanProbability;
				PRODUCT_NAME = "$(TARGET_NAME)";
				SWIFT_VERSION = 4.2;
				TARGETED_DEVICE_FAMILY = 1;
			};
			name = Release;
		};
		2E35FE9B2217AB4F0022E096 /* Debug */ = {
			isa = XCBuildConfiguration;
			buildSettings = {
				ALWAYS_EMBED_SWIFT_STANDARD_LIBRARIES = YES;
				BUNDLE_LOADER = "$(TEST_HOST)";
				CODE_SIGN_STYLE = Automatic;
				DEVELOPMENT_TEAM = TMTETVW362;
				INFOPLIST_FILE = CatanProbabilityTests/Info.plist;
				LD_RUNPATH_SEARCH_PATHS = (
					"$(inherited)",
					"@executable_path/Frameworks",
					"@loader_path/Frameworks",
				);
				PRODUCT_BUNDLE_IDENTIFIER = EricCollom.CatanProbabilityTests;
				PRODUCT_NAME = "$(TARGET_NAME)";
				SWIFT_VERSION = 4.2;
				TARGETED_DEVICE_FAMILY = "1,2";
				TEST_HOST = "$(BUILT_PRODUCTS_DIR)/CatanProbability.app/CatanProbability";
			};
			name = Debug;
		};
		2E35FE9C2217AB4F0022E096 /* Release */ = {
			isa = XCBuildConfiguration;
			buildSettings = {
				ALWAYS_EMBED_SWIFT_STANDARD_LIBRARIES = YES;
				BUNDLE_LOADER = "$(TEST_HOST)";
				CODE_SIGN_STYLE = Automatic;
				DEVELOPMENT_TEAM = TMTETVW362;
				INFOPLIST_FILE = CatanProbabilityTests/Info.plist;
				LD_RUNPATH_SEARCH_PATHS = (
					"$(inherited)",
					"@executable_path/Frameworks",
					"@loader_path/Frameworks",
				);
				PRODUCT_BUNDLE_IDENTIFIER = EricCollom.CatanProbabilityTests;
				PRODUCT_NAME = "$(TARGET_NAME)";
				SWIFT_VERSION = 4.2;
				TARGETED_DEVICE_FAMILY = "1,2";
				TEST_HOST = "$(BUILT_PRODUCTS_DIR)/CatanProbability.app/CatanProbability";
			};
			name = Release;
		};
		2E35FE9E2217AB4F0022E096 /* Debug */ = {
			isa = XCBuildConfiguration;
			buildSettings = {
				ALWAYS_EMBED_SWIFT_STANDARD_LIBRARIES = YES;
				CODE_SIGN_STYLE = Automatic;
				DEVELOPMENT_TEAM = TMTETVW362;
				INFOPLIST_FILE = CatanProbabilityUITests/Info.plist;
				LD_RUNPATH_SEARCH_PATHS = (
					"$(inherited)",
					"@executable_path/Frameworks",
					"@loader_path/Frameworks",
				);
				PRODUCT_BUNDLE_IDENTIFIER = EricCollom.CatanProbabilityUITests;
				PRODUCT_NAME = "$(TARGET_NAME)";
				SWIFT_VERSION = 4.2;
				TARGETED_DEVICE_FAMILY = "1,2";
				TEST_TARGET_NAME = CatanProbability;
			};
			name = Debug;
		};
		2E35FE9F2217AB4F0022E096 /* Release */ = {
			isa = XCBuildConfiguration;
			buildSettings = {
				ALWAYS_EMBED_SWIFT_STANDARD_LIBRARIES = YES;
				CODE_SIGN_STYLE = Automatic;
				DEVELOPMENT_TEAM = TMTETVW362;
				INFOPLIST_FILE = CatanProbabilityUITests/Info.plist;
				LD_RUNPATH_SEARCH_PATHS = (
					"$(inherited)",
					"@executable_path/Frameworks",
					"@loader_path/Frameworks",
				);
				PRODUCT_BUNDLE_IDENTIFIER = EricCollom.CatanProbabilityUITests;
				PRODUCT_NAME = "$(TARGET_NAME)";
				SWIFT_VERSION = 4.2;
				TARGETED_DEVICE_FAMILY = "1,2";
				TEST_TARGET_NAME = CatanProbability;
			};
			name = Release;
		};
/* End XCBuildConfiguration section */

/* Begin XCConfigurationList section */
		2E35FE672217AB4D0022E096 /* Build configuration list for PBXProject "CatanProbability" */ = {
			isa = XCConfigurationList;
			buildConfigurations = (
				2E35FE952217AB4F0022E096 /* Debug */,
				2E35FE962217AB4F0022E096 /* Release */,
			);
			defaultConfigurationIsVisible = 0;
			defaultConfigurationName = Release;
		};
		2E35FE972217AB4F0022E096 /* Build configuration list for PBXNativeTarget "CatanProbability" */ = {
			isa = XCConfigurationList;
			buildConfigurations = (
				2E35FE982217AB4F0022E096 /* Debug */,
				2E35FE992217AB4F0022E096 /* Release */,
			);
			defaultConfigurationIsVisible = 0;
			defaultConfigurationName = Release;
		};
		2E35FE9A2217AB4F0022E096 /* Build configuration list for PBXNativeTarget "CatanProbabilityTests" */ = {
			isa = XCConfigurationList;
			buildConfigurations = (
				2E35FE9B2217AB4F0022E096 /* Debug */,
				2E35FE9C2217AB4F0022E096 /* Release */,
			);
			defaultConfigurationIsVisible = 0;
			defaultConfigurationName = Release;
		};
		2E35FE9D2217AB4F0022E096 /* Build configuration list for PBXNativeTarget "CatanProbabilityUITests" */ = {
			isa = XCConfigurationList;
			buildConfigurations = (
				2E35FE9E2217AB4F0022E096 /* Debug */,
				2E35FE9F2217AB4F0022E096 /* Release */,
			);
			defaultConfigurationIsVisible = 0;
			defaultConfigurationName = Release;
		};
/* End XCConfigurationList section */

/* Begin XCVersionGroup section */
		2E35FE762217AB4D0022E096 /* CatanProbability.xcdatamodeld */ = {
			isa = XCVersionGroup;
			children = (
				2E35FE772217AB4D0022E096 /* CatanProbability.xcdatamodel */,
			);
			currentVersion = 2E35FE772217AB4D0022E096 /* CatanProbability.xcdatamodel */;
			path = CatanProbability.xcdatamodeld;
			sourceTree = "<group>";
			versionGroupType = wrapper.xcdatamodel;
		};
/* End XCVersionGroup section */
	};
	rootObject = 2E35FE642217AB4D0022E096 /* Project object */;
}
